
Microsoft Visual Studio Solution File, Format Version 12.00
# Visual Studio Version 16
VisualStudioVersion = 25.0.1704.0
MinimumVisualStudioVersion = 10.0.40219.1
Project("{FAE04EC0-301F-11D3-BF4B-00C04F79EFBC}") = "TweetSampler.Core", "TweetSampler.Core\TweetSampler.Core.csproj", "{33AF34EF-4BBB-4C15-9BD5-F292701C487A}"
EndProject
Project("{FAE04EC0-301F-11D3-BF4B-00C04F79EFBC}") = "TweetSampler.Worker", "TweetSampler.Worker\TweetSampler.Worker.csproj", "{331A1C0A-40B9-4BC1-B309-DBB5D2CEA88A}"
EndProject
Project("{FAE04EC0-301F-11D3-BF4B-00C04F79EFBC}") = "TweetSampler.Model", "TweetSampler.Model\TweetSampler.Model.csproj", "{40A22875-7B10-4AAC-9971-862650208AFD}"
EndProject
Project("{FAE04EC0-301F-11D3-BF4B-00C04F79EFBC}") = "TweetSampler.API", "TweetSampler.API\TweetSampler.API.csproj", "{F96DD78E-8F6F-4DA2-AEAB-38B1C72396FA}"
EndProject
Project("{2150E333-8FDC-42A3-9474-1A3956D46DE8}") = "Data", "Data", "{C7212E2E-0C5D-4117-91CF-94BFD7583147}"
	ProjectSection(SolutionItems) = preProject
		Data\TrendingHashTags.json = Data\TrendingHashTags.json
	EndProjectSection
EndProject
Project("{2150E333-8FDC-42A3-9474-1A3956D46DE8}") = "Tests", "Tests", "{B3EB121C-248C-4835-8E3E-C170C7072146}"
EndProject
Project("{FAE04EC0-301F-11D3-BF4B-00C04F79EFBC}") = "TweetSampler.Core.Tests", "TweetSampler.Core.Tests\TweetSampler.Core.Tests.csproj", "{B9D1F076-46FF-4EC6-86B3-803C71CAD138}"
EndProject
Project("{FAE04EC0-301F-11D3-BF4B-00C04F79EFBC}") = "TweetSampler.Model.Tests", "TweetSampler.Core.Tests\TweetSampler.Model.Tests\TweetSampler.Model.Tests.csproj", "{11209537-D8A8-4B24-8DBF-134182BCA2BD}"
EndProject
Global
	GlobalSection(SolutionConfigurationPlatforms) = preSolution
		Debug|Any CPU = Debug|Any CPU
		Release|Any CPU = Release|Any CPU
	EndGlobalSection
	GlobalSection(ProjectConfigurationPlatforms) = postSolution
		{33AF34EF-4BBB-4C15-9BD5-F292701C487A}.Debug|Any CPU.ActiveCfg = Debug|Any CPU
		{33AF34EF-4BBB-4C15-9BD5-F292701C487A}.Debug|Any CPU.Build.0 = Debug|Any CPU
		{33AF34EF-4BBB-4C15-9BD5-F292701C487A}.Release|Any CPU.ActiveCfg = Release|Any CPU
		{33AF34EF-4BBB-4C15-9BD5-F292701C487A}.Release|Any CPU.Build.0 = Release|Any CPU
		{331A1C0A-40B9-4BC1-B309-DBB5D2CEA88A}.Debug|Any CPU.ActiveCfg = Debug|Any CPU
		{331A1C0A-40B9-4BC1-B309-DBB5D2CEA88A}.Debug|Any CPU.Build.0 = Debug|Any CPU
		{331A1C0A-40B9-4BC1-B309-DBB5D2CEA88A}.Release|Any CPU.ActiveCfg = Release|Any CPU
		{331A1C0A-40B9-4BC1-B309-DBB5D2CEA88A}.Release|Any CPU.Build.0 = Release|Any CPU
		{40A22875-7B10-4AAC-9971-862650208AFD}.Debug|Any CPU.ActiveCfg = Debug|Any CPU
		{40A22875-7B10-4AAC-9971-862650208AFD}.Debug|Any CPU.Build.0 = Debug|Any CPU
		{40A22875-7B10-4AAC-9971-862650208AFD}.Release|Any CPU.ActiveCfg = Release|Any CPU
		{40A22875-7B10-4AAC-9971-862650208AFD}.Release|Any CPU.Build.0 = Release|Any CPU
		{F96DD78E-8F6F-4DA2-AEAB-38B1C72396FA}.Debug|Any CPU.ActiveCfg = Debug|Any CPU
		{F96DD78E-8F6F-4DA2-AEAB-38B1C72396FA}.Debug|Any CPU.Build.0 = Debug|Any CPU
		{F96DD78E-8F6F-4DA2-AEAB-38B1C72396FA}.Release|Any CPU.ActiveCfg = Release|Any CPU
		{F96DD78E-8F6F-4DA2-AEAB-38B1C72396FA}.Release|Any CPU.Build.0 = Release|Any CPU
		{B9D1F076-46FF-4EC6-86B3-803C71CAD138}.Debug|Any CPU.ActiveCfg = Debug|Any CPU
		{B9D1F076-46FF-4EC6-86B3-803C71CAD138}.Debug|Any CPU.Build.0 = Debug|Any CPU
		{B9D1F076-46FF-4EC6-86B3-803C71CAD138}.Release|Any CPU.ActiveCfg = Release|Any CPU
		{B9D1F076-46FF-4EC6-86B3-803C71CAD138}.Release|Any CPU.Build.0 = Release|Any CPU
		{11209537-D8A8-4B24-8DBF-134182BCA2BD}.Debug|Any CPU.ActiveCfg = Debug|Any CPU
		{11209537-D8A8-4B24-8DBF-134182BCA2BD}.Debug|Any CPU.Build.0 = Debug|Any CPU
		{11209537-D8A8-4B24-8DBF-134182BCA2BD}.Release|Any CPU.ActiveCfg = Release|Any CPU
		{11209537-D8A8-4B24-8DBF-134182BCA2BD}.Release|Any CPU.Build.0 = Release|Any CPU
	EndGlobalSection
	GlobalSection(SolutionProperties) = preSolution
		HideSolutionNode = FALSE
	EndGlobalSection
	GlobalSection(ExtensibilityGlobals) = postSolution
		SolutionGuid = {54CA3C6E-78F9-40D1-9C6D-05EE35784DA4}
	EndGlobalSection
	GlobalSection(NestedProjects) = preSolution
		{B9D1F076-46FF-4EC6-86B3-803C71CAD138} = {B3EB121C-248C-4835-8E3E-C170C7072146}
		{11209537-D8A8-4B24-8DBF-134182BCA2BD} = {B3EB121C-248C-4835-8E3E-C170C7072146}
	EndGlobalSection
EndGlobal
